PODS:
  - MaterialComponents/Palettes (44.5.0)
  - R.swift (4.0.0):
    - R.swift.Library (~> 4.0.0)
  - R.swift.Library (4.0.0)
  - SwiftLint (0.24.2)

DEPENDENCIES:
  - MaterialComponents/Palettes
  - R.swift
  - SwiftLint

SPEC CHECKSUMS:
  MaterialComponents: d50819588c896bbc206f2b145e00385159ef5f22
  R.swift: d6a5ec2f55a8441dc0ed9f1f8b37d7d11ae85c66
  R.swift.Library: c3af34921024333546e23b70e70d0b4e0cffca75
  SwiftLint: 2aa21b96c8d13396a051bc1cb659d2ce1e0075b0

PODFILE CHECKSUM: 85c1b9616c49de15f0b7a2e9d270bc7e7bec8112

COCOAPODS: 1.4.0
